{
  "name": "generated-theme",
  "version": "0.0.1",
  "lockfileVersion": 1,
  "requires": true,
  "dependencies": {
    "@types/node": {
      "version": "7.0.64",
      "resolved": "https://registry.npmjs.org/@types/node/-/node-7.0.64.tgz",
      "integrity": "sha512-i8KiWTXKD8O76LjlTt+lK/8CUY/FDLbw5djHNrEK1SjOM6MAcZhvhskCX8vsujdxVD+UeX7SvusEzchLY4UBYQ==",
      "dev": true
    },
    "typescript": {
      "version": "2.8.3",
      "resolved": "https://registry.npmjs.org/typescript/-/typescript-2.8.3.tgz",
      "integrity": "sha512-K7g15Bb6Ra4lKf7Iq2l/I5/En+hLIHmxWZGq3D4DIRNFxMNV6j2SHSvDOqs2tGd4UvD/fJvrwopzQXjLrT7Itw==",
      "dev": true
    },
    "vscode-theme-generator": {
      "version": "0.0.16",
      "resolved": "https://registry.npmjs.org/vscode-theme-generator/-/vscode-theme-generator-0.0.16.tgz",
      "integrity": "sha512-I0zu4RKj890r9jsL5aJmO+DVHVFGDsSdxlnQtHJFy6diIn10JBG1eoGkYJeprYv4iYszflLIsZ+ZTK6B0PhD5w==",
      "dev": true
    }
  }
}
